// !$*UTF8*$!
{
	archiveVersion = 1;
	classes = {
	};
	objectVersion = 46;
	objects = {

/* Begin PBXBuildFile section */
		9DC238151CAB013F00E5F26A /* AppDelegate.swift in Sources */ = {isa = PBXBuildFile; fileRef = 9DC238141CAB013F00E5F26A /* AppDelegate.swift */; };
		9DC238171CAB013F00E5F26A /* ViewController.swift in Sources */ = {isa = PBXBuildFile; fileRef = 9DC238161CAB013F00E5F26A /* ViewController.swift */; };
		9DC2381A1CAB013F00E5F26A /* Main.storyboard in Resources */ = {isa = PBXBuildFile; fileRef = 9DC238181CAB013F00E5F26A /* Main.storyboard */; };
		9DC2381C1CAB013F00E5F26A /* Assets.xcassets in Resources */ = {isa = PBXBuildFile; fileRef = 9DC2381B1CAB013F00E5F26A /* Assets.xcassets */; };
		9DC2381F1CAB013F00E5F26A /* LaunchScreen.storyboard in Resources */ = {isa = PBXBuildFile; fileRef = 9DC2381D1CAB013F00E5F26A /* LaunchScreen.storyboard */; };
/* End PBXBuildFile section */

/* Begin PBXFileReference section */
		9DC238111CAB013F00E5F26A /* Marcando la ruta.app */ = {isa = PBXFileReference; explicitFileType = wrapper.application; includeInIndex = 0; path = "Marcando la ruta.app"; sourceTree = BUILT_PRODUCTS_DIR; };
		9DC238141CAB013F00E5F26A /* AppDelegate.swift */ = {isa = PBXFileReference; lastKnownFileType = sourcecode.swift; path = AppDelegate.swift; sourceTree = "<group>"; };
		9DC238161CAB013F00E5F26A /* ViewController.swift */ = {isa = PBXFileReference; lastKnownFileType = sourcecode.swift; path = ViewController.swift; sourceTree = "<group>"; };
		9DC238191CAB013F00E5F26A /* Base */ = {isa = PBXFileReference; lastKnownFileType = file.storyboard; name = Base; path = Base.lproj/Main.storyboard; sourceTree = "<group>"; };
		9DC2381B1CAB013F00E5F26A /* Assets.xcassets */ = {isa = PBXFileReference; lastKnownFileType = folder.assetcatalog; path = Assets.xcassets; sourceTree = "<group>"; };
		9DC2381E1CAB013F00E5F26A /* Base */ = {isa = PBXFileReference; lastKnownFileType = file.storyboard; name = Base; path = Base.lproj/LaunchScreen.storyboard; sourceTree = "<group>"; };
		9DC238201CAB013F00E5F26A /* Info.plist */ = {isa = PBXFileReference; lastKnownFileType = text.plist.xml; path = Info.plist; sourceTree = "<group>"; };
/* End PBXFileReference section */

/* Begin PBXFrameworksBuildPhase section */
		9DC2380E1CAB013F00E5F26A /* Frameworks */ = {
			isa = PBXFrameworksBuildPhase;
			buildActionMask = 2147483647;
			files = (
			);
			runOnlyForDeploymentPostprocessing = 0;
		};
/* End PBXFrameworksBuildPhase section */

/* Begin PBXGroup section */
		9DC238081CAB013F00E5F26A = {
			isa = PBXGroup;
			children = (
				9DC238131CAB013F00E5F26A /* Marcando la ruta */,
				9DC238121CAB013F00E5F26A /* Products */,
			);
			sourceTree = "<group>";
		};
		9DC238121CAB013F00E5F26A /* Products */ = {
			isa = PBXGroup;
			children = (
				9DC238111CAB013F00E5F26A /* Marcando la ruta.app */,
			);
			name = Products;
			sourceTree = "<group>";
		};
		9DC238131CAB013F00E5F26A /* Marcando la ruta */ = {
			isa = PBXGroup;
			children = (
				9DC238141CAB013F00E5F26A /* AppDelegate.swift */,
				9DC238161CAB013F00E5F26A /* ViewController.swift */,
				9DC238181CAB013F00E5F26A /* Main.storyboard */,
				9DC2381B1CAB013F00E5F26A /* Assets.xcassets */,
				9DC2381D1CAB013F00E5F26A /* LaunchScreen.storyboard */,
				9DC238201CAB013F00E5F26A /* Info.plist */,
			);
			path = "Marcando la ruta";
			sourceTree = "<group>";
		};
/* End PBXGroup section */

/* Begin PBXNativeTarget section */
		9DC238101CAB013F00E5F26A /* Marcando la ruta */ = {
			isa = PBXNativeTarget;
			buildConfigurationList = 9DC238231CAB013F00E5F26A /* Build configuration list for PBXNativeTarget "Marcando la ruta" */;
			buildPhases = (
				9DC2380D1CAB013F00E5F26A /* Sources */,
				9DC2380E1CAB013F00E5F26A /* Frameworks */,
				9DC2380F1CAB013F00E5F26A /* Resources */,
			);
			buildRules = (
			);
			dependencies = (
			);
			name = "Marcando la ruta";
			productName = "Marcando la ruta";
			productReference = 9DC238111CAB013F00E5F26A /* Marcando la ruta.app */;
			productType = "com.apple.product-type.application";
		};
/* End PBXNativeTarget section */

/* Begin PBXProject section */
		9DC238091CAB013F00E5F26A /* Project object */ = {
			isa = PBXProject;
			attributes = {
				LastSwiftUpdateCheck = 0730;
				LastUpgradeCheck = 0730;
				ORGANIZATIONNAME = CursoTecHardware;
				TargetAttributes = {
					9DC238101CAB013F00E5F26A = {
						CreatedOnToolsVersion = 7.3;
					};
				};
			};
			buildConfigurationList = 9DC2380C1CAB013F00E5F26A /* Build configuration list for PBXProject "Marcando la ruta" */;
			compatibilityVersion = "Xcode 3.2";
			developmentRegion = English;
			hasScannedForEncodings = 0;
			knownRegions = (
				en,
				Base,
			);
			mainGroup = 9DC238081CAB013F00E5F26A;
			productRefGroup = 9DC238121CAB013F00E5F26A /* Products */;
			projectDirPath = "";
			projectRoot = "";
			targets = (
				9DC238101CAB013F00E5F26A /* Marcando la ruta */,
			);
		};
/* End PBXProject section */

/* Begin PBXResourcesBuildPhase section */
		9DC2380F1CAB013F00E5F26A /* Resources */ = {
			isa = PBXResourcesBuildPhase;
			buildActionMask = 2147483647;
			files = (
				9DC2381F1CAB013F00E5F26A /* LaunchScreen.storyboard in Resources */,
				9DC2381C1CAB013F00E5F26A /* Assets.xcassets in Resources */,
				9DC2381A1CAB013F00E5F26A /* Main.storyboard in Resources */,
			);
			runOnlyForDeploymentPostprocessing = 0;
		};
/* End PBXResourcesBuildPhase section */

/* Begin PBXSourcesBuildPhase section */
		9DC2380D1CAB013F00E5F26A /* Sources */ = {
			isa = PBXSourcesBuildPhase;
			buildActionMask = 2147483647;
			files = (
				9DC238171CAB013F00E5F26A /* ViewController.swift in Sources */,
				9DC238151CAB013F00E5F26A /* AppDelegate.swift in Sources */,
			);
			runOnlyForDeploymentPostprocessing = 0;
		};
/* End PBXSourcesBuildPhase section */

/* Begin PBXVariantGroup section */
		9DC238181CAB013F00E5F26A /* Main.storyboard */ = {
			isa = PBXVariantGroup;
			children = (
				9DC238191CAB013F00E5F26A /* Base */,
			);
			name = Main.storyboard;
			sourceTree = "<group>";
		};
		9DC2381D1CAB013F00E5F26A /* LaunchScreen.storyboard */ = {
			isa = PBXVariantGroup;
			children = (
				9DC2381E1CAB013F00E5F26A /* Base */,
			);
			name = LaunchScreen.storyboard;
			sourceTree = "<group>";
		};
/* End PBXVariantGroup section */

/* Begin XCBuildConfiguration section */
		9DC238211CAB013F00E5F26A /* Debug */ = {
			isa = XCBuildConfiguration;
			buildSettings = {
				ALWAYS_SEARCH_USER_PATHS = NO;
				CLANG_ANALYZER_NONNULL = YES;
				CLANG_CXX_LANGUAGE_STANDARD = "gnu++0x";
				CLANG_CXX_LIBRARY = "libc++";
				CLANG_ENABLE_MODULES = YES;
				CLANG_ENABLE_OBJC_ARC = YES;
				CLANG_WARN_BOOL_CONVERSION = YES;
				CLANG_WARN_CONSTANT_CONVERSION = YES;
				CLANG_WARN_DIRECT_OBJC_ISA_USAGE = YES_ERROR;
				CLANG_WARN_EMPTY_BODY = YES;
				CLANG_WARN_ENUM_CONVERSION = YES;
				CLANG_WARN_INT_CONVERSION = YES;
				CLANG_WARN_OBJC_ROOT_CLASS = YES_ERROR;
				CLANG_WARN_UNREACHABLE_CODE = YES;
				CLANG_WARN__DUPLICATE_METHOD_MATCH = YES;
				"CODE_SIGN_IDENTITY[sdk=iphoneos*]" = "iPhone Developer";
				COPY_PHASE_STRIP = NO;
				DEBUG_INFORMATION_FORMAT = dwarf;
				ENABLE_STRICT_OBJC_MSGSEND = YES;
				ENABLE_TESTABILITY = YES;
				GCC_C_LANGUAGE_STANDARD = gnu99;
				GCC_DYNAMIC_NO_PIC = NO;
				GCC_NO_COMMON_BLOCKS = YES;
				GCC_OPTIMIZATION_LEVEL = 0;
				GCC_PREPROCESSOR_DEFINITIONS = (
					"DEBUG=1",
					"$(inherited)",
				);
				GCC_WARN_64_TO_32_BIT_CONVERSION = YES;
				GCC_WARN_ABOUT_RETURN_TYPE = YES_ERROR;
				GCC_WARN_UNDECLARED_SELECTOR = YES;
				GCC_WARN_UNINITIALIZED_AUTOS = YES_AGGRESSIVE;
				GCC_WARN_UNUSED_FUNCTION = YES;
				GCC_WARN_UNUSED_VARIABLE = YES;
				IPHONEOS_DEPLOYMENT_TARGET = 9.2;
				MTL_ENABLE_DEBUG_INFO = YES;
				ONLY_ACTIVE_ARCH = YES;
				SDKROOT = iphoneos;
				SWIFT_OPTIMIZATION_LEVEL = "-Onone";
			};
			name = Debug;
		};
		9DC238221CAB013F00E5F26A /* Release */ = {
			isa = XCBuildConfiguration;
			buildSettings = {
				ALWAYS_SEARCH_USER_PATHS = NO;
				CLANG_ANALYZER_NONNULL = YES;
				CLANG_CXX_LANGUAGE_STANDARD = "gnu++0x";
				CLANG_CXX_LIBRARY = "libc++";
				CLANG_ENABLE_MODULES = YES;
				CLANG_ENABLE_OBJC_ARC = YES;
				CLANG_WARN_BOOL_CONVERSION = YES;
				CLANG_WARN_CONSTANT_CONVERSION = YES;
				CLANG_WARN_DIRECT_OBJC_ISA_USAGE = YES_ERROR;
				CLANG_WARN_EMPTY_BODY = YES;
				CLANG_WARN_ENUM_CONVERSION = YES;
				CLANG_WARN_INT_CONVERSION = YES;
				CLANG_WARN_OBJC_ROOT_CLASS = YES_ERROR;
				CLANG_WARN_UNREACHABLE_CODE = YES;
				CLANG_WARN__DUPLICATE_METHOD_MATCH = YES;
				"CODE_SIGN_IDENTITY[sdk=iphoneos*]" = "iPhone Developer";
				COPY_PHASE_STRIP = NO;
				DEBUG_INFORMATION_FORMAT = "dwarf-with-dsym";
				ENABLE_NS_ASSERTIONS = NO;
				ENABLE_STRICT_OBJC_MSGSEND = YES;
				GCC_C_LANGUAGE_STANDARD = gnu99;
				GCC_NO_COMMON_BLOCKS = YES;
				GCC_WARN_64_TO_32_BIT_CONVERSION = YES;
				GCC_WARN_ABOUT_RETURN_TYPE = YES_ERROR;
				GCC_WARN_UNDECLARED_SELECTOR = YES;
				GCC_WARN_UNINITIALIZED_AUTOS = YES_AGGRESSIVE;
				GCC_WARN_UNUSED_FUNCTION = YES;
				GCC_WARN_UNUSED_VARIABLE = YES;
				IPHONEOS_DEPLOYMENT_TARGET = 9.2;
				MTL_ENABLE_DEBUG_INFO = NO;
				SDKROOT = iphoneos;
				VALIDATE_PRODUCT = YES;
			};
			name = Release;
		};
		9DC238241CAB013F00E5F26A /* Debug */ = {
			isa = XCBuildConfiguration;
			buildSettings = {
				ASSETCATALOG_COMPILER_APPICON_NAME = AppIcon;
				INFOPLIST_FILE = "Marcando la ruta/Info.plist";
				LD_RUNPATH_SEARCH_PATHS = "$(inherited) @executable_path/Frameworks";
				PRODUCT_BUNDLE_IDENTIFIER = "cursotec.hardware.Marcando-la-ruta";
				PRODUCT_NAME = "$(TARGET_NAME)";
			};
			name = Debug;
		};
		9DC238251CAB013F00E5F26A /* Release */ = {
			isa = XCBuildConfiguration;
			buildSettings = {
				ASSETCATALOG_COMPILER_APPICON_NAME = AppIcon;
				INFOPLIST_FILE = "Marcando la ruta/Info.plist";
				LD_RUNPATH_SEARCH_PATHS = "$(inherited) @executable_path/Frameworks";
				PRODUCT_BUNDLE_IDENTIFIER = "cursotec.hardware.Marcando-la-ruta";
				PRODUCT_NAME = "$(TARGET_NAME)";
			};
			name = Release;
		};
/* End XCBuildConfiguration section */

/* Begin XCConfigurationList section */
		9DC2380C1CAB013F00E5F26A /* Build configuration list for PBXProject "Marcando la ruta" */ = {
			isa = XCConfigurationList;
			buildConfigurations = (
				9DC238211CAB013F00E5F26A /* Debug */,
				9DC238221CAB013F00E5F26A /* Release */,
			);
			defaultConfigurationIsVisible = 0;
			defaultConfigurationName = Release;
		};
		9DC238231CAB013F00E5F26A /* Build configuration list for PBXNativeTarget "Marcando la ruta" */ = {
			isa = XCConfigurationList;
			buildConfigurations = (
				9DC238241CAB013F00E5F26A /* Debug */,
				9DC238251CAB013F00E5F26A /* Release */,
			);
			defaultConfigurationIsVisible = 0;
		};
/* End XCConfigurationList section */
	};
	rootObject = 9DC238091CAB013F00E5F26A /* Project object */;
}
